
Microsoft Visual Studio Solution File, Format Version 11.00
# Visual Studio 2010
Project("{B1E792BE-AA5F-4E3C-8C82-674BF9C0715B}") = "DAS_Assignment2_AbhijitDas", "DAS_Assignment2_trial1\DAS_Assignment2_AbhijitDas.tsproj", "{3D69062D-A07E-4C2C-BA27-E10ED3C0C2F0}"
EndProject
Global
	GlobalSection(SolutionConfigurationPlatforms) = preSolution
		Debug|TwinCAT CE7 (ARMV7) = Debug|TwinCAT CE7 (ARMV7)
		Debug|TwinCAT RT (x64) = Debug|TwinCAT RT (x64)
		Debug|TwinCAT RT (x86) = Debug|TwinCAT RT (x86)
		Release|TwinCAT CE7 (ARMV7) = Release|TwinCAT CE7 (ARMV7)
		Release|TwinCAT RT (x64) = Release|TwinCAT RT (x64)
		Release|TwinCAT RT (x86) = Release|TwinCAT RT (x86)
	EndGlobalSection
	GlobalSection(ProjectConfigurationPlatforms) = postSolution
		{3D69062D-A07E-4C2C-BA27-E10ED3C0C2F0}.Debug|TwinCAT CE7 (ARMV7).ActiveCfg = Debug|TwinCAT CE7 (ARMV7)
		{3D69062D-A07E-4C2C-BA27-E10ED3C0C2F0}.Debug|TwinCAT CE7 (ARMV7).Build.0 = Debug|TwinCAT CE7 (ARMV7)
		{3D69062D-A07E-4C2C-BA27-E10ED3C0C2F0}.Debug|TwinCAT RT (x64).ActiveCfg = Debug|TwinCAT RT (x64)
		{3D69062D-A07E-4C2C-BA27-E10ED3C0C2F0}.Debug|TwinCAT RT (x64).Build.0 = Debug|TwinCAT RT (x64)
		{3D69062D-A07E-4C2C-BA27-E10ED3C0C2F0}.Debug|TwinCAT RT (x86).ActiveCfg = Debug|TwinCAT RT (x86)
		{3D69062D-A07E-4C2C-BA27-E10ED3C0C2F0}.Debug|TwinCAT RT (x86).Build.0 = Debug|TwinCAT RT (x86)
		{3D69062D-A07E-4C2C-BA27-E10ED3C0C2F0}.Release|TwinCAT CE7 (ARMV7).ActiveCfg = Release|TwinCAT CE7 (ARMV7)
		{3D69062D-A07E-4C2C-BA27-E10ED3C0C2F0}.Release|TwinCAT CE7 (ARMV7).Build.0 = Release|TwinCAT CE7 (ARMV7)
		{3D69062D-A07E-4C2C-BA27-E10ED3C0C2F0}.Release|TwinCAT RT (x64).ActiveCfg = Release|TwinCAT RT (x64)
		{3D69062D-A07E-4C2C-BA27-E10ED3C0C2F0}.Release|TwinCAT RT (x64).Build.0 = Release|TwinCAT RT (x64)
		{3D69062D-A07E-4C2C-BA27-E10ED3C0C2F0}.Release|TwinCAT RT (x86).ActiveCfg = Release|TwinCAT RT (x86)
		{3D69062D-A07E-4C2C-BA27-E10ED3C0C2F0}.Release|TwinCAT RT (x86).Build.0 = Release|TwinCAT RT (x86)
		{20AEE51A-6375-49D8-ADC3-74AEBDF1D565}.Debug|TwinCAT CE7 (ARMV7).ActiveCfg = Debug|TwinCAT CE7 (ARMV7)
		{20AEE51A-6375-49D8-ADC3-74AEBDF1D565}.Debug|TwinCAT CE7 (ARMV7).Build.0 = Debug|TwinCAT CE7 (ARMV7)
		{20AEE51A-6375-49D8-ADC3-74AEBDF1D565}.Debug|TwinCAT RT (x64).ActiveCfg = Debug|TwinCAT RT (x64)
		{20AEE51A-6375-49D8-ADC3-74AEBDF1D565}.Debug|TwinCAT RT (x64).Build.0 = Debug|TwinCAT RT (x64)
		{20AEE51A-6375-49D8-ADC3-74AEBDF1D565}.Debug|TwinCAT RT (x86).ActiveCfg = Debug|TwinCAT RT (x86)
		{20AEE51A-6375-49D8-ADC3-74AEBDF1D565}.Debug|TwinCAT RT (x86).Build.0 = Debug|TwinCAT RT (x86)
		{20AEE51A-6375-49D8-ADC3-74AEBDF1D565}.Release|TwinCAT CE7 (ARMV7).ActiveCfg = Release|TwinCAT CE7 (ARMV7)
		{20AEE51A-6375-49D8-ADC3-74AEBDF1D565}.Release|TwinCAT CE7 (ARMV7).Build.0 = Release|TwinCAT CE7 (ARMV7)
		{20AEE51A-6375-49D8-ADC3-74AEBDF1D565}.Release|TwinCAT RT (x64).ActiveCfg = Release|TwinCAT RT (x64)
		{20AEE51A-6375-49D8-ADC3-74AEBDF1D565}.Release|TwinCAT RT (x64).Build.0 = Release|TwinCAT RT (x64)
		{20AEE51A-6375-49D8-ADC3-74AEBDF1D565}.Release|TwinCAT RT (x86).ActiveCfg = Release|TwinCAT RT (x86)
		{20AEE51A-6375-49D8-ADC3-74AEBDF1D565}.Release|TwinCAT RT (x86).Build.0 = Release|TwinCAT RT (x86)
	EndGlobalSection
	GlobalSection(SolutionProperties) = preSolution
		HideSolutionNode = FALSE
	EndGlobalSection
EndGlobal
